// !$*UTF8*$!
{
	archiveVersion = 1;
	classes = {
	};
	objectVersion = 50;
	objects = {

/* Begin PBXBuildFile section */
		0EE8E64A232BC09700589D12 /* AppDelegate.swift in Sources */ = {isa = PBXBuildFile; fileRef = 0EE8E649232BC09700589D12 /* AppDelegate.swift */; };
		0EE8E64C232BC09700589D12 /* ViewController.swift in Sources */ = {isa = PBXBuildFile; fileRef = 0EE8E64B232BC09700589D12 /* ViewController.swift */; };
		0EE8E64F232BC09700589D12 /* Main.storyboard in Resources */ = {isa = PBXBuildFile; fileRef = 0EE8E64D232BC09700589D12 /* Main.storyboard */; };
		0EE8E651232BC09800589D12 /* Assets.xcassets in Resources */ = {isa = PBXBuildFile; fileRef = 0EE8E650232BC09800589D12 /* Assets.xcassets */; };
		0EE8E654232BC09800589D12 /* LaunchScreen.storyboard in Resources */ = {isa = PBXBuildFile; fileRef = 0EE8E652232BC09800589D12 /* LaunchScreen.storyboard */; };
		0EE8E65F232BC09800589D12 /* Pitch_PerfectTests.swift in Sources */ = {isa = PBXBuildFile; fileRef = 0EE8E65E232BC09800589D12 /* Pitch_PerfectTests.swift */; };
		0EE8E66A232BC09800589D12 /* Pitch_PerfectUITests.swift in Sources */ = {isa = PBXBuildFile; fileRef = 0EE8E669232BC09800589D12 /* Pitch_PerfectUITests.swift */; };
/* End PBXBuildFile section */

/* Begin PBXContainerItemProxy section */
		0EE8E65B232BC09800589D12 /* PBXContainerItemProxy */ = {
			isa = PBXContainerItemProxy;
			containerPortal = 0EE8E63E232BC09700589D12 /* Project object */;
			proxyType = 1;
			remoteGlobalIDString = 0EE8E645232BC09700589D12;
			remoteInfo = "Pitch Perfect";
		};
		0EE8E666232BC09800589D12 /* PBXContainerItemProxy */ = {
			isa = PBXContainerItemProxy;
			containerPortal = 0EE8E63E232BC09700589D12 /* Project object */;
			proxyType = 1;
			remoteGlobalIDString = 0EE8E645232BC09700589D12;
			remoteInfo = "Pitch Perfect";
		};
/* End PBXContainerItemProxy section */

/* Begin PBXFileReference section */
		0EE8E646232BC09700589D12 /* Pitch Perfect.app */ = {isa = PBXFileReference; explicitFileType = wrapper.application; includeInIndex = 0; path = "Pitch Perfect.app"; sourceTree = BUILT_PRODUCTS_DIR; };
		0EE8E649232BC09700589D12 /* AppDelegate.swift */ = {isa = PBXFileReference; lastKnownFileType = sourcecode.swift; path = AppDelegate.swift; sourceTree = "<group>"; };
		0EE8E64B232BC09700589D12 /* ViewController.swift */ = {isa = PBXFileReference; lastKnownFileType = sourcecode.swift; path = ViewController.swift; sourceTree = "<group>"; };
		0EE8E64E232BC09700589D12 /* Base */ = {isa = PBXFileReference; lastKnownFileType = file.storyboard; name = Base; path = Base.lproj/Main.storyboard; sourceTree = "<group>"; };
		0EE8E650232BC09800589D12 /* Assets.xcassets */ = {isa = PBXFileReference; lastKnownFileType = folder.assetcatalog; path = Assets.xcassets; sourceTree = "<group>"; };
		0EE8E653232BC09800589D12 /* Base */ = {isa = PBXFileReference; lastKnownFileType = file.storyboard; name = Base; path = Base.lproj/LaunchScreen.storyboard; sourceTree = "<group>"; };
		0EE8E655232BC09800589D12 /* Info.plist */ = {isa = PBXFileReference; lastKnownFileType = text.plist.xml; path = Info.plist; sourceTree = "<group>"; };
		0EE8E65A232BC09800589D12 /* Pitch PerfectTests.xctest */ = {isa = PBXFileReference; explicitFileType = wrapper.cfbundle; includeInIndex = 0; path = "Pitch PerfectTests.xctest"; sourceTree = BUILT_PRODUCTS_DIR; };
		0EE8E65E232BC09800589D12 /* Pitch_PerfectTests.swift */ = {isa = PBXFileReference; lastKnownFileType = sourcecode.swift; path = Pitch_PerfectTests.swift; sourceTree = "<group>"; };
		0EE8E660232BC09800589D12 /* Info.plist */ = {isa = PBXFileReference; lastKnownFileType = text.plist.xml; path = Info.plist; sourceTree = "<group>"; };
		0EE8E665232BC09800589D12 /* Pitch PerfectUITests.xctest */ = {isa = PBXFileReference; explicitFileType = wrapper.cfbundle; includeInIndex = 0; path = "Pitch PerfectUITests.xctest"; sourceTree = BUILT_PRODUCTS_DIR; };
		0EE8E669232BC09800589D12 /* Pitch_PerfectUITests.swift */ = {isa = PBXFileReference; lastKnownFileType = sourcecode.swift; path = Pitch_PerfectUITests.swift; sourceTree = "<group>"; };
		0EE8E66B232BC09800589D12 /* Info.plist */ = {isa = PBXFileReference; lastKnownFileType = text.plist.xml; path = Info.plist; sourceTree = "<group>"; };
/* End PBXFileReference section */

/* Begin PBXFrameworksBuildPhase section */
		0EE8E643232BC09700589D12 /* Frameworks */ = {
			isa = PBXFrameworksBuildPhase;
			buildActionMask = 2147483647;
			files = (
			);
			runOnlyForDeploymentPostprocessing = 0;
		};
		0EE8E657232BC09800589D12 /* Frameworks */ = {
			isa = PBXFrameworksBuildPhase;
			buildActionMask = 2147483647;
			files = (
			);
			runOnlyForDeploymentPostprocessing = 0;
		};
		0EE8E662232BC09800589D12 /* Frameworks */ = {
			isa = PBXFrameworksBuildPhase;
			buildActionMask = 2147483647;
			files = (
			);
			runOnlyForDeploymentPostprocessing = 0;
		};
/* End PBXFrameworksBuildPhase section */

/* Begin PBXGroup section */
		0EE8E63D232BC09700589D12 = {
			isa = PBXGroup;
			children = (
				0EE8E648232BC09700589D12 /* Pitch Perfect */,
				0EE8E65D232BC09800589D12 /* Pitch PerfectTests */,
				0EE8E668232BC09800589D12 /* Pitch PerfectUITests */,
				0EE8E647232BC09700589D12 /* Products */,
			);
			sourceTree = "<group>";
		};
		0EE8E647232BC09700589D12 /* Products */ = {
			isa = PBXGroup;
			children = (
				0EE8E646232BC09700589D12 /* Pitch Perfect.app */,
				0EE8E65A232BC09800589D12 /* Pitch PerfectTests.xctest */,
				0EE8E665232BC09800589D12 /* Pitch PerfectUITests.xctest */,
			);
			name = Products;
			sourceTree = "<group>";
		};
		0EE8E648232BC09700589D12 /* Pitch Perfect */ = {
			isa = PBXGroup;
			children = (
				0EE8E649232BC09700589D12 /* AppDelegate.swift */,
				0EE8E64B232BC09700589D12 /* ViewController.swift */,
				0EE8E64D232BC09700589D12 /* Main.storyboard */,
				0EE8E650232BC09800589D12 /* Assets.xcassets */,
				0EE8E652232BC09800589D12 /* LaunchScreen.storyboard */,
				0EE8E655232BC09800589D12 /* Info.plist */,
			);
			path = "Pitch Perfect";
			sourceTree = "<group>";
		};
		0EE8E65D232BC09800589D12 /* Pitch PerfectTests */ = {
			isa = PBXGroup;
			children = (
				0EE8E65E232BC09800589D12 /* Pitch_PerfectTests.swift */,
				0EE8E660232BC09800589D12 /* Info.plist */,
			);
			path = "Pitch PerfectTests";
			sourceTree = "<group>";
		};
		0EE8E668232BC09800589D12 /* Pitch PerfectUITests */ = {
			isa = PBXGroup;
			children = (
				0EE8E669232BC09800589D12 /* Pitch_PerfectUITests.swift */,
				0EE8E66B232BC09800589D12 /* Info.plist */,
			);
			path = "Pitch PerfectUITests";
			sourceTree = "<group>";
		};
/* End PBXGroup section */

/* Begin PBXNativeTarget section */
		0EE8E645232BC09700589D12 /* Pitch Perfect */ = {
			isa = PBXNativeTarget;
			buildConfigurationList = 0EE8E66E232BC09800589D12 /* Build configuration list for PBXNativeTarget "Pitch Perfect" */;
			buildPhases = (
				0EE8E642232BC09700589D12 /* Sources */,
				0EE8E643232BC09700589D12 /* Frameworks */,
				0EE8E644232BC09700589D12 /* Resources */,
			);
			buildRules = (
			);
			dependencies = (
			);
			name = "Pitch Perfect";
			productName = "Pitch Perfect";
			productReference = 0EE8E646232BC09700589D12 /* Pitch Perfect.app */;
			productType = "com.apple.product-type.application";
		};
		0EE8E659232BC09800589D12 /* Pitch PerfectTests */ = {
			isa = PBXNativeTarget;
			buildConfigurationList = 0EE8E671232BC09800589D12 /* Build configuration list for PBXNativeTarget "Pitch PerfectTests" */;
			buildPhases = (
				0EE8E656232BC09800589D12 /* Sources */,
				0EE8E657232BC09800589D12 /* Frameworks */,
				0EE8E658232BC09800589D12 /* Resources */,
			);
			buildRules = (
			);
			dependencies = (
				0EE8E65C232BC09800589D12 /* PBXTargetDependency */,
			);
			name = "Pitch PerfectTests";
			productName = "Pitch PerfectTests";
			productReference = 0EE8E65A232BC09800589D12 /* Pitch PerfectTests.xctest */;
			productType = "com.apple.product-type.bundle.unit-test";
		};
		0EE8E664232BC09800589D12 /* Pitch PerfectUITests */ = {
			isa = PBXNativeTarget;
			buildConfigurationList = 0EE8E674232BC09800589D12 /* Build configuration list for PBXNativeTarget "Pitch PerfectUITests" */;
			buildPhases = (
				0EE8E661232BC09800589D12 /* Sources */,
				0EE8E662232BC09800589D12 /* Frameworks */,
				0EE8E663232BC09800589D12 /* Resources */,
			);
			buildRules = (
			);
			dependencies = (
				0EE8E667232BC09800589D12 /* PBXTargetDependency */,
			);
			name = "Pitch PerfectUITests";
			productName = "Pitch PerfectUITests";
			productReference = 0EE8E665232BC09800589D12 /* Pitch PerfectUITests.xctest */;
			productType = "com.apple.product-type.bundle.ui-testing";
		};
/* End PBXNativeTarget section */

/* Begin PBXProject section */
		0EE8E63E232BC09700589D12 /* Project object */ = {
			isa = PBXProject;
			attributes = {
				LastSwiftUpdateCheck = 1030;
				LastUpgradeCheck = 1030;
				ORGANIZATIONNAME = Udasity;
				TargetAttributes = {
					0EE8E645232BC09700589D12 = {
						CreatedOnToolsVersion = 10.3;
					};
					0EE8E659232BC09800589D12 = {
						CreatedOnToolsVersion = 10.3;
						TestTargetID = 0EE8E645232BC09700589D12;
					};
					0EE8E664232BC09800589D12 = {
						CreatedOnToolsVersion = 10.3;
						TestTargetID = 0EE8E645232BC09700589D12;
					};
				};
			};
			buildConfigurationList = 0EE8E641232BC09700589D12 /* Build configuration list for PBXProject "Pitch Perfect" */;
			compatibilityVersion = "Xcode 9.3";
			developmentRegion = en;
			hasScannedForEncodings = 0;
			knownRegions = (
				en,
				Base,
			);
			mainGroup = 0EE8E63D232BC09700589D12;
			productRefGroup = 0EE8E647232BC09700589D12 /* Products */;
			projectDirPath = "";
			projectRoot = "";
			targets = (
				0EE8E645232BC09700589D12 /* Pitch Perfect */,
				0EE8E659232BC09800589D12 /* Pitch PerfectTests */,
				0EE8E664232BC09800589D12 /* Pitch PerfectUITests */,
			);
		};
/* End PBXProject section */

/* Begin PBXResourcesBuildPhase section */
		0EE8E644232BC09700589D12 /* Resources */ = {
			isa = PBXResourcesBuildPhase;
			buildActionMask = 2147483647;
			files = (
				0EE8E654232BC09800589D12 /* LaunchScreen.storyboard in Resources */,
				0EE8E651232BC09800589D12 /* Assets.xcassets in Resources */,
				0EE8E64F232BC09700589D12 /* Main.storyboard in Resources */,
			);
			runOnlyForDeploymentPostprocessing = 0;
		};
		0EE8E658232BC09800589D12 /* Resources */ = {
			isa = PBXResourcesBuildPhase;
			buildActionMask = 2147483647;
			files = (
			);
			runOnlyForDeploymentPostprocessing = 0;
		};
		0EE8E663232BC09800589D12 /* Resources */ = {
			isa = PBXResourcesBuildPhase;
			buildActionMask = 2147483647;
			files = (
			);
			runOnlyForDeploymentPostprocessing = 0;
		};
/* End PBXResourcesBuildPhase section */

/* Begin PBXSourcesBuildPhase section */
		0EE8E642232BC09700589D12 /* Sources */ = {
			isa = PBXSourcesBuildPhase;
			buildActionMask = 2147483647;
			files = (
				0EE8E64C232BC09700589D12 /* ViewController.swift in Sources */,
				0EE8E64A232BC09700589D12 /* AppDelegate.swift in Sources */,
			);
			runOnlyForDeploymentPostprocessing = 0;
		};
		0EE8E656232BC09800589D12 /* Sources */ = {
			isa = PBXSourcesBuildPhase;
			buildActionMask = 2147483647;
			files = (
				0EE8E65F232BC09800589D12 /* Pitch_PerfectTests.swift in Sources */,
			);
			runOnlyForDeploymentPostprocessing = 0;
		};
		0EE8E661232BC09800589D12 /* Sources */ = {
			isa = PBXSourcesBuildPhase;
			buildActionMask = 2147483647;
			files = (
				0EE8E66A232BC09800589D12 /* Pitch_PerfectUITests.swift in Sources */,
			);
			runOnlyForDeploymentPostprocessing = 0;
		};
/* End PBXSourcesBuildPhase section */

/* Begin PBXTargetDependency section */
		0EE8E65C232BC09800589D12 /* PBXTargetDependency */ = {
			isa = PBXTargetDependency;
			target = 0EE8E645232BC09700589D12 /* Pitch Perfect */;
			targetProxy = 0EE8E65B232BC09800589D12 /* PBXContainerItemProxy */;
		};
		0EE8E667232BC09800589D12 /* PBXTargetDependency */ = {
			isa = PBXTargetDependency;
			target = 0EE8E645232BC09700589D12 /* Pitch Perfect */;
			targetProxy = 0EE8E666232BC09800589D12 /* PBXContainerItemProxy */;
		};
/* End PBXTargetDependency section */

/* Begin PBXVariantGroup section */
		0EE8E64D232BC09700589D12 /* Main.storyboard */ = {
			isa = PBXVariantGroup;
			children = (
				0EE8E64E232BC09700589D12 /* Base */,
			);
			name = Main.storyboard;
			sourceTree = "<group>";
		};
		0EE8E652232BC09800589D12 /* LaunchScreen.storyboard */ = {
			isa = PBXVariantGroup;
			children = (
				0EE8E653232BC09800589D12 /* Base */,
			);
			name = LaunchScreen.storyboard;
			sourceTree = "<group>";
		};
/* End PBXVariantGroup section */

/* Begin XCBuildConfiguration section */
		0EE8E66C232BC09800589D12 /* Debug */ = {
			isa = XCBuildConfiguration;
			buildSettings = {
				ALWAYS_SEARCH_USER_PATHS = NO;
				CLANG_ANALYZER_NONNULL = YES;
				CLANG_ANALYZER_NUMBER_OBJECT_CONVERSION = YES_AGGRESSIVE;
				CLANG_CXX_LANGUAGE_STANDARD = "gnu++14";
				CLANG_CXX_LIBRARY = "libc++";
				CLANG_ENABLE_MODULES = YES;
				CLANG_ENABLE_OBJC_ARC = YES;
				CLANG_ENABLE_OBJC_WEAK = YES;
				CLANG_WARN_BLOCK_CAPTURE_AUTORELEASING = YES;
				CLANG_WARN_BOOL_CONVERSION = YES;
				CLANG_WARN_COMMA = YES;
				CLANG_WARN_CONSTANT_CONVERSION = YES;
				CLANG_WARN_DEPRECATED_OBJC_IMPLEMENTATIONS = YES;
				CLANG_WARN_DIRECT_OBJC_ISA_USAGE = YES_ERROR;
				CLANG_WARN_DOCUMENTATION_COMMENTS = YES;
				CLANG_WARN_EMPTY_BODY = YES;
				CLANG_WARN_ENUM_CONVERSION = YES;
				CLANG_WARN_INFINITE_RECURSION = YES;
				CLANG_WARN_INT_CONVERSION = YES;
				CLANG_WARN_NON_LITERAL_NULL_CONVERSION = YES;
				CLANG_WARN_OBJC_IMPLICIT_RETAIN_SELF = YES;
				CLANG_WARN_OBJC_LITERAL_CONVERSION = YES;
				CLANG_WARN_OBJC_ROOT_CLASS = YES_ERROR;
				CLANG_WARN_RANGE_LOOP_ANALYSIS = YES;
				CLANG_WARN_STRICT_PROTOTYPES = YES;
				CLANG_WARN_SUSPICIOUS_MOVE = YES;
				CLANG_WARN_UNGUARDED_AVAILABILITY = YES_AGGRESSIVE;
				CLANG_WARN_UNREACHABLE_CODE = YES;
				CLANG_WARN__DUPLICATE_METHOD_MATCH = YES;
				CODE_SIGN_IDENTITY = "iPhone Developer";
				COPY_PHASE_STRIP = NO;
				DEBUG_INFORMATION_FORMAT = dwarf;
				ENABLE_STRICT_OBJC_MSGSEND = YES;
				ENABLE_TESTABILITY = YES;
				GCC_C_LANGUAGE_STANDARD = gnu11;
				GCC_DYNAMIC_NO_PIC = NO;
				GCC_NO_COMMON_BLOCKS = YES;
				GCC_OPTIMIZATION_LEVEL = 0;
				GCC_PREPROCESSOR_DEFINITIONS = (
					"DEBUG=1",
					"$(inherited)",
				);
				GCC_WARN_64_TO_32_BIT_CONVERSION = YES;
				GCC_WARN_ABOUT_RETURN_TYPE = YES_ERROR;
				GCC_WARN_UNDECLARED_SELECTOR = YES;
				GCC_WARN_UNINITIALIZED_AUTOS = YES_AGGRESSIVE;
				GCC_WARN_UNUSED_FUNCTION = YES;
				GCC_WARN_UNUSED_VARIABLE = YES;
				IPHONEOS_DEPLOYMENT_TARGET = 12.4;
				MTL_ENABLE_DEBUG_INFO = INCLUDE_SOURCE;
				MTL_FAST_MATH = YES;
				ONLY_ACTIVE_ARCH = YES;
				SDKROOT = iphoneos;
				SWIFT_ACTIVE_COMPILATION_CONDITIONS = DEBUG;
				SWIFT_OPTIMIZATION_LEVEL = "-Onone";
			};
			name = Debug;
		};
		0EE8E66D232BC09800589D12 /* Release */ = {
			isa = XCBuildConfiguration;
			buildSettings = {
				ALWAYS_SEARCH_USER_PATHS = NO;
				CLANG_ANALYZER_NONNULL = YES;
				CLANG_ANALYZER_NUMBER_OBJECT_CONVERSION = YES_AGGRESSIVE;
				CLANG_CXX_LANGUAGE_STANDARD = "gnu++14";
				CLANG_CXX_LIBRARY = "libc++";
				CLANG_ENABLE_MODULES = YES;
				CLANG_ENABLE_OBJC_ARC = YES;
				CLANG_ENABLE_OBJC_WEAK = YES;
				CLANG_WARN_BLOCK_CAPTURE_AUTORELEASING = YES;
				CLANG_WARN_BOOL_CONVERSION = YES;
				CLANG_WARN_COMMA = YES;
				CLANG_WARN_CONSTANT_CONVERSION = YES;
				CLANG_WARN_DEPRECATED_OBJC_IMPLEMENTATIONS = YES;
				CLANG_WARN_DIRECT_OBJC_ISA_USAGE = YES_ERROR;
				CLANG_WARN_DOCUMENTATION_COMMENTS = YES;
				CLANG_WARN_EMPTY_BODY = YES;
				CLANG_WARN_ENUM_CONVERSION = YES;
				CLANG_WARN_INFINITE_RECURSION = YES;
				CLANG_WARN_INT_CONVERSION = YES;
				CLANG_WARN_NON_LITERAL_NULL_CONVERSION = YES;
				CLANG_WARN_OBJC_IMPLICIT_RETAIN_SELF = YES;
				CLANG_WARN_OBJC_LITERAL_CONVERSION = YES;
				CLANG_WARN_OBJC_ROOT_CLASS = YES_ERROR;
				CLANG_WARN_RANGE_LOOP_ANALYSIS = YES;
				CLANG_WARN_STRICT_PROTOTYPES = YES;
				CLANG_WARN_SUSPICIOUS_MOVE = YES;
				CLANG_WARN_UNGUARDED_AVAILABILITY = YES_AGGRESSIVE;
				CLANG_WARN_UNREACHABLE_CODE = YES;
				CLANG_WARN__DUPLICATE_METHOD_MATCH = YES;
				CODE_SIGN_IDENTITY = "iPhone Developer";
				COPY_PHASE_STRIP = NO;
				DEBUG_INFORMATION_FORMAT = "dwarf-with-dsym";
				ENABLE_NS_ASSERTIONS = NO;
				ENABLE_STRICT_OBJC_MSGSEND = YES;
				GCC_C_LANGUAGE_STANDARD = gnu11;
				GCC_NO_COMMON_BLOCKS = YES;
				GCC_WARN_64_TO_32_BIT_CONVERSION = YES;
				GCC_WARN_ABOUT_RETURN_TYPE = YES_ERROR;
				GCC_WARN_UNDECLARED_SELECTOR = YES;
				GCC_WARN_UNINITIALIZED_AUTOS = YES_AGGRESSIVE;
				GCC_WARN_UNUSED_FUNCTION = YES;
				GCC_WARN_UNUSED_VARIABLE = YES;
				IPHONEOS_DEPLOYMENT_TARGET = 12.4;
				MTL_ENABLE_DEBUG_INFO = NO;
				MTL_FAST_MATH = YES;
				SDKROOT = iphoneos;
				SWIFT_COMPILATION_MODE = wholemodule;
				SWIFT_OPTIMIZATION_LEVEL = "-O";
				VALIDATE_PRODUCT = YES;
			};
			name = Release;
		};
		0EE8E66F232BC09800589D12 /* Debug */ = {
			isa = XCBuildConfiguration;
			buildSettings = {
				ASSETCATALOG_COMPILER_APPICON_NAME = AppIcon;
				CODE_SIGN_STYLE = Automatic;
				INFOPLIST_FILE = "Pitch Perfect/Info.plist";
				LD_RUNPATH_SEARCH_PATHS = (
					"$(inherited)",
					"@executable_path/Frameworks",
				);
				PRODUCT_BUNDLE_IDENTIFIER = "Udasity.com.Pitch-Perfect";
				PRODUCT_NAME = "$(TARGET_NAME)";
				SWIFT_VERSION = 5.0;
				TARGETED_DEVICE_FAMILY = "1,2";
			};
			name = Debug;
		};
		0EE8E670232BC09800589D12 /* Release */ = {
			isa = XCBuildConfiguration;
			buildSettings = {
				ASSETCATALOG_COMPILER_APPICON_NAME = AppIcon;
				CODE_SIGN_STYLE = Automatic;
				INFOPLIST_FILE = "Pitch Perfect/Info.plist";
				LD_RUNPATH_SEARCH_PATHS = (
					"$(inherited)",
					"@executable_path/Frameworks",
				);
				PRODUCT_BUNDLE_IDENTIFIER = "Udasity.com.Pitch-Perfect";
				PRODUCT_NAME = "$(TARGET_NAME)";
				SWIFT_VERSION = 5.0;
				TARGETED_DEVICE_FAMILY = "1,2";
			};
			name = Release;
		};
		0EE8E672232BC09800589D12 /* Debug */ = {
			isa = XCBuildConfiguration;
			buildSettings = {
				ALWAYS_EMBED_SWIFT_STANDARD_LIBRARIES = YES;
				BUNDLE_LOADER = "$(TEST_HOST)";
				CODE_SIGN_STYLE = Automatic;
				INFOPLIST_FILE = "Pitch PerfectTests/Info.plist";
				LD_RUNPATH_SEARCH_PATHS = (
					"$(inherited)",
					"@executable_path/Frameworks",
					"@loader_path/Frameworks",
				);
				PRODUCT_BUNDLE_IDENTIFIER = "Udasity.com.Pitch-PerfectTests";
				PRODUCT_NAME = "$(TARGET_NAME)";
				SWIFT_VERSION = 5.0;
				TARGETED_DEVICE_FAMILY = "1,2";
				TEST_HOST = "$(BUILT_PRODUCTS_DIR)/Pitch Perfect.app/Pitch Perfect";
			};
			name = Debug;
		};
		0EE8E673232BC09800589D12 /* Release */ = {
			isa = XCBuildConfiguration;
			buildSettings = {
				ALWAYS_EMBED_SWIFT_STANDARD_LIBRARIES = YES;
				BUNDLE_LOADER = "$(TEST_HOST)";
				CODE_SIGN_STYLE = Automatic;
				INFOPLIST_FILE = "Pitch PerfectTests/Info.plist";
				LD_RUNPATH_SEARCH_PATHS = (
					"$(inherited)",
					"@executable_path/Frameworks",
					"@loader_path/Frameworks",
				);
				PRODUCT_BUNDLE_IDENTIFIER = "Udasity.com.Pitch-PerfectTests";
				PRODUCT_NAME = "$(TARGET_NAME)";
				SWIFT_VERSION = 5.0;
				TARGETED_DEVICE_FAMILY = "1,2";
				TEST_HOST = "$(BUILT_PRODUCTS_DIR)/Pitch Perfect.app/Pitch Perfect";
			};
			name = Release;
		};
		0EE8E675232BC09800589D12 /* Debug */ = {
			isa = XCBuildConfiguration;
			buildSettings = {
				ALWAYS_EMBED_SWIFT_STANDARD_LIBRARIES = YES;
				CODE_SIGN_STYLE = Automatic;
				INFOPLIST_FILE = "Pitch PerfectUITests/Info.plist";
				LD_RUNPATH_SEARCH_PATHS = (
					"$(inherited)",
					"@executable_path/Frameworks",
					"@loader_path/Frameworks",
				);
				PRODUCT_BUNDLE_IDENTIFIER = "Udasity.com.Pitch-PerfectUITests";
				PRODUCT_NAME = "$(TARGET_NAME)";
				SWIFT_VERSION = 5.0;
				TARGETED_DEVICE_FAMILY = "1,2";
				TEST_TARGET_NAME = "Pitch Perfect";
			};
			name = Debug;
		};
		0EE8E676232BC09800589D12 /* Release */ = {
			isa = XCBuildConfiguration;
			buildSettings = {
				ALWAYS_EMBED_SWIFT_STANDARD_LIBRARIES = YES;
				CODE_SIGN_STYLE = Automatic;
				INFOPLIST_FILE = "Pitch PerfectUITests/Info.plist";
				LD_RUNPATH_SEARCH_PATHS = (
					"$(inherited)",
					"@executable_path/Frameworks",
					"@loader_path/Frameworks",
				);
				PRODUCT_BUNDLE_IDENTIFIER = "Udasity.com.Pitch-PerfectUITests";
				PRODUCT_NAME = "$(TARGET_NAME)";
				SWIFT_VERSION = 5.0;
				TARGETED_DEVICE_FAMILY = "1,2";
				TEST_TARGET_NAME = "Pitch Perfect";
			};
			name = Release;
		};
/* End XCBuildConfiguration section */

/* Begin XCConfigurationList section */
		0EE8E641232BC09700589D12 /* Build configuration list for PBXProject "Pitch Perfect" */ = {
			isa = XCConfigurationList;
			buildConfigurations = (
				0EE8E66C232BC09800589D12 /* Debug */,
				0EE8E66D232BC09800589D12 /* Release */,
			);
			defaultConfigurationIsVisible = 0;
			defaultConfigurationName = Release;
		};
		0EE8E66E232BC09800589D12 /* Build configuration list for PBXNativeTarget "Pitch Perfect" */ = {
			isa = XCConfigurationList;
			buildConfigurations = (
				0EE8E66F232BC09800589D12 /* Debug */,
				0EE8E670232BC09800589D12 /* Release */,
			);
			defaultConfigurationIsVisible = 0;
			defaultConfigurationName = Release;
		};
		0EE8E671232BC09800589D12 /* Build configuration list for PBXNativeTarget "Pitch PerfectTests" */ = {
			isa = XCConfigurationList;
			buildConfigurations = (
				0EE8E672232BC09800589D12 /* Debug */,
				0EE8E673232BC09800589D12 /* Release */,
			);
			defaultConfigurationIsVisible = 0;
			defaultConfigurationName = Release;
		};
		0EE8E674232BC09800589D12 /* Build configuration list for PBXNativeTarget "Pitch PerfectUITests" */ = {
			isa = XCConfigurationList;
			buildConfigurations = (
				0EE8E675232BC09800589D12 /* Debug */,
				0EE8E676232BC09800589D12 /* Release */,
			);
			defaultConfigurationIsVisible = 0;
			defaultConfigurationName = Release;
		};
/* End XCConfigurationList section */
	};
	rootObject = 0EE8E63E232BC09700589D12 /* Project object */;
}
